{
  "name": "koyeb-xray-ws",
  "version": "1.0.0",
  "lockfileVersion": 2,
  "requires": true,
  "packages": {
    "": {
      "name": "koyeb-xray-ws",
      "version": "1.0.0",
      "license": "ISC",
      "dependencies": {
        "adm-zip": "^0.5.10",
        "axios": "^1.6.0"
      },
      "engines": {
        "node": ">=16.0.0"
      }
    },
    "node_modules/adm-zip": {
      "version": "0.5.10",
      "resolved": "https://registry.npmjs.org/adm-zip/-/adm-zip-0.5.10.tgz",
      "integrity": "sha512-x0HvcHqVHNHNrkZFbYM//zrbf/d7UbHZtugCMrQ757NksV4+omWeD00NNxNBfXYPMN0MGhR9AbeDZcSEb6l2lA==",
      "engines": {
        "node": ">=6.0"
      }
    },
    "node_modules/asynckit": {
      "version": "0.4.0",
      "resolved": "https://registry.npmjs.org/asynckit/-/asynckit-0.4.0.tgz",
      "integrity": "sha512-Oei9OH4tZh0MSxjZOad15qJlF9BODwCBnaJDwVxO8ddnmFepzcTPII48yCPChcw6xdZXqF5+iacJqMSbQE8eaA=="
    },
    "node_modules/axios": {
      "version": "1.6.8",
      "resolved": "https://registry.npmjs.org/axios/-/axios-1.6.8.tgz",
      "integrity": "sha512-v/ZpVneRFRd+crgqrvd/mTT0VTcedTWkHbWGMq+2oMxEdy6Wncd1nmUC79CTXYqmMrNWYAHtTkvld0g6IJO03g==",
      "dependencies": {
        "follow-redirects": "^1.15.6",
        "form-data": "^4.0.0",
        "proxy-from-env": "^1.1.0"
      }
    },
    "node_modules/combined-stream": {
      "version": "1.0.8",
      "resolved": "https://registry.npmjs.org/combined-stream/-/combined-stream-1.0.8.tgz",
      "integrity": "sha512-FQN4MRfuJeRnKnQlNHkt7LEgiJEQ6g8xPuewVOklXDft07h9xXMUMNnikMEizWrI7S9MgjL0GBkU1Di5H7sTMg==",
      "dependencies": {
        "delayed-stream": "~1.0.0"
      },
      "engines": {
        "node": ">= 0.8"
      }
    },
    "node_modules/delayed-stream": {
      "version": "1.0.0",
      "resolved": "https://registry.npmjs.org/delayed-stream/-/delayed-stream-1.0.0.tgz",
      "integrity": "sha512-ZyXH
      j58N9QbcUEuXXLidG0HNfx+TeGADHHUBwchZhCsxfHYtuUT0+TBt5mpQ3FK9X1IQJjTl65yhLN80M2UYMw==",
      "engines": {
        "node": ">=0.4.0"
      }
    },
    "node_modules/follow-redirects": {
      "version": "1.15.6",
      "resolved": "https://registry.npmjs.org/follow-redirects/-/follow-redirects-1.15.6.tgz",
      "integrity": "sha512-wWN62YIQzRww/cr0Ucn52GMheQLyMJbjjjpRn7+Rg1WdZ8jTCeFLwRPlo6mNUvXYJtZQQN1AXgGqPM3HONOKwQ==",
      "funding": [
        {
          "type": "individual",
          "url": "https://github.com/sponsors/RubenVerborgh"
        }
      ],
      "engines": {
        "node": ">=4.0"
      },
      "peerDependenciesMeta": {
        "debug": {
          "optional": true
        }
      }
    },
    "node_modules/form-data": {
      "version": "4.0.0",
      "resolved": "https://registry.npmjs.org/form-data/-/form-data-4.0.0.tgz",
      "integrity": "sha512-ETEklSGi5t0QSolQiOmJ1AHbvYNqOD32+JPkNYMdsB1npFOM4DKfzFbfw1JcCpJgbCx6JNn0yqZLOmu9kANwJw==",
      "dependencies": {
        "asynckit": "^0.4.0",
        "combined-stream": "^1.0.8",
        "mime-types": "^2.1.12"
      },
      "engines": {
        "node": ">= 6"
      }
    },
    "node_modules/mime-db": {
      "version": "1.52.0",
      "resolved": "https://registry.npmjs.org/mime-db/-/mime-db-1.52.0.tgz",
      "integrity": "sha512-sPU4uV7dYlvtWJxquxDH5Jf5G9SupJs/FAWQ0QEmuovQfUQisYBmnY0G1zZnQlZ71xN5I59Gxox7UrwYRx50wA==",
      "engines": {
        "node": ">= 0.6"
      }
    },
    "node_modules/mime-types": {
      "version": "2.1.35",
      "resolved": "https://registry.npmjs.org/mime-types/-/mime-types-2.1.35.tgz",
      "integrity": "sha512-ZDY+bPm5zTTF+YpCrPUKRnHadktCTW90c23RLALBtZd2wuhTF55W6u+RYXu9UEqwG/SX96nMGwOTN57dTdZxeQ==",
      "dependencies": {
        "mime-db": "1.52.0"
      },
      "engines": {
        "node": ">= 0.6"
      }
    },
    "node_modules/proxy-from-env": {
      "version": "1.1.0",
      "resolved": "https://registry.npmjs.org/proxy-from-env/-/proxy-from-env-1.1.0.tgz",
      "integrity": "sha512-D+zqZA4IsDfhD6mCdZR+trJKxF+BoRVLNpHbfsQZZoDfTV7iEmqnZFYGMFJWmV/ZFqM8CNHvUXXYZN255IWGGQ=="
    }
  },
  "dependencies": {
    "adm-zip": {
      "version": "0.5.10",
      "resolved": "https://registry.npmjs.org/adm-zip/-/adm-zip-0.5.10.tgz",
      "integrity": "sha512-x0HvcHqVHNHNrkZFbYM//zrbf/d7UbHZtugCMrQ757NksV4+omWeD00NNxNBfXYPMN0MGhR9AbeDZcSEb6l2lA=="
    },
    "asynckit": {
      "version": "0.4.0",
      "resolved": "https://registry.npmjs.org/asynckit/-/asynckit-0.4.0.tgz",
      "integrity": "sha512-Oei9OH4tZh0MSxjZOad15qJlF9BODwCBnaJDwVxO8ddnmFepzcTPII48yCPChcw6xdZXqF5+iacJqMSbQE8eaA=="
    },
    "axios": {
      "version": "1.6.8",
      "resolved": "https://registry.npmjs.org/axios/-/axios-1.6.8.tgz",
      "integrity": "sha512-v/ZpVneRFRd+crgqrvd/mTT0VTcedTWkHbWGMq+2oMxEdy6Wncd1nmUC79CTXYqmMrNWYAHtTkvld0g6IJO03g==",
      "requires": {
        "follow-redirects": "^1.15.6",
        "form-data": "^4.0.0",
        "proxy-from-env": "^1.1.0"
      }
    },
    "combined-stream": {
      "version": "1.0.8",
      "resolved": "https://registry.npmjs.org/combined-stream/-/combined-stream-1.0.8.tgz",
      "integrity": "sha512-FQN4MRfuJeRnKnQlNHkt7LEgiJEQ6g8xPuewVOklXDft07h9xXMUMNnikMEizWrI7S9MgjL0GBkU1Di5H7sTMg==",
      "requires": {
        "delayed-stream": "~1.0.0"
      }
    },
    "delayed-stream": {
      "version": "1.0.0",
      "resolved": "https://registry.npmjs.org/delayed-stream/-/delayed-stream-1.0.0.tgz",
      "integrity": "sha512-ZyXHj58N9QbcUEuXXLidG0HNfx+TeGADHHUBwchZhCsxfHYtuUT0+TBt5mpQ3FK9X1IQJjTl65yhLN80M2UYMw=="
    },
    "follow-redirects": {
      "version": "1.15.6",
      "resolved": "https://registry.npmjs.org/follow-redirects/-/follow-redirects-1.15.6.tgz",
      "integrity": "sha512-wWN62YIQzRww/cr0Ucn52GMheQLyMJbjjjpRn7+Rg1WdZ8jTCeFLwRPlo6mNUvXYJtZQQN1AXgGqPM3HONOKwQ=="
    },
    "form-data": {
      "version": "4.0.0",
      "resolved": "https://registry.npmjs.org/form-data/-/form-data-4.0.0.tgz",
      "integrity": "sha512-ETEklSGi5t0QSolQiOmJ1AHbvYNqOD32+JPkNYMdsB1npFOM4DKfzFbfw1JcCpJgbCx6JNn0yqZLOmu9kANwJw==",
      "requires": {
        "asynckit": "^0.4.0",
        "combined-stream": "^1.0.8",
        "mime-types": "^2.1.12"
      }
    },
    "mime-db": {
      "version": "1.52.0",
      "resolved": "https://registry.npmjs.org/mime-db/-/mime-db-1.52.0.tgz",
      "integrity": "sha512-sPU4uV7dYlvtWJxquxDH5Jf5G9SupJs/FAWQ0QEmuovQfUQisYBmnY0G1zZnQlZ71xN5I59Gxox7UrwYRx50wA=="
    },
    "mime-types": {
      "version": "2.1.35",
      "resolved": "https://registry.npmjs.org/mime-types/-/mime-types-2.1.35.tgz",
      "integrity": "sha512-ZDY+bPm5zTTF+YpCrPUKRnHadktCTW90c23RLALBtZd2wuhTF55W6u+RYXu9UEqwG/SX96nMGwOTN57dTdZxeQ==",
      "requires": {
        "mime-db": "1.52.0"
      }
    },
    "proxy-from-env": {
      "version": "1.1.0",
      "resolved": "https://registry.npmjs.org/proxy-from-env/-/proxy-from-env-1.1.0.tgz",
      "integrity": "sha512-D+zqZA4IsDfhD6mCdZR+trJKxF+BoRVLNpHbfsQZZoDfTV7iEmqnZFYGMFJWmV/ZFqM8CNHvUXXYZN255IWGGQ=="
    }
  }
}
